Microsoft Visual Studio Solution File, Format Version 12.00
# Visual Studio Version 17
VisualStudioVersion = 17.5.2.0
MinimumVisualStudioVersion = 10.0.40219.1
Project("{FAE04EC0-301F-11D3-BF4B-00C04F79EFBC}") = "Week4LoginApp", "Week4LoginApp.csproj", "{FBB6A7AE-F8A1-46DF-30C6-906D264E7712}"
EndProject
Global
	GlobalSection(SolutionConfigurationPlatforms) = preSolution
		Debug|Any CPU = Debug|Any CPU
		Release|Any CPU = Release|Any CPU
	EndGlobalSection
	GlobalSection(ProjectConfigurationPlatforms) = postSolution
		{FBB6A7AE-F8A1-46DF-30C6-906D264E7712}.Debug|Any CPU.ActiveCfg = Debug|Any CPU
		{FBB6A7AE-F8A1-46DF-30C6-906D264E7712}.Debug|Any CPU.Build.0 = Debug|Any CPU
		{FBB6A7AE-F8A1-46DF-30C6-906D264E7712}.Release|Any CPU.ActiveCfg = Release|Any CPU
		{FBB6A7AE-F8A1-46DF-30C6-906D264E7712}.Release|Any CPU.Build.0 = Release|Any CPU
	EndGlobalSection
	GlobalSection(SolutionProperties) = preSolution
		HideSolutionNode = FALSE
	EndGlobalSection
	GlobalSection(ExtensibilityGlobals) = postSolution
		SolutionGuid = {88B32AD4-6919-4C1C-8DCF-C988CF05E9E6}
	EndGlobalSection
EndGlobal
